# THIS IS AN AUTOGENERATED FILE. DO NOT EDIT THIS FILE DIRECTLY.
# yarn lockfile v1


"@sindresorhus/tsconfig@^3.0.1":
  version "3.0.1"
  resolved "https://registry.yarnpkg.com/@sindresorhus/tsconfig/-/tsconfig-3.0.1.tgz#e2eaebda42aa7a755b11bdfbea847446652e1ac4"
  integrity sha512-0/gtPNTY3++0J2BZM5nHHULg0BIMw886gqdn8vWN+Av6bgF5ZU2qIcHubAn+Z9KNvJhO8WFE+9kDOU3n6OcKtA==
